
Microsoft Visual Studio Solution File, Format Version 12.00
# Visual Studio Version 17
VisualStudioVersion = 17.5.33516.290
MinimumVisualStudioVersion = 10.0.40219.1
Project("{FAE04EC0-301F-11D3-BF4B-00C04F79EFBC}") = "PositiveNumber", "PositiveNumber\PositiveNumber.csproj", "{29CE8127-E3ED-4DEA-98C3-8825CDAA2528}"
EndProject
Global
	GlobalSection(SolutionConfigurationPlatforms) = preSolution
		Debug|Any CPU = Debug|Any CPU
		Release|Any CPU = Release|Any CPU
	EndGlobalSection
	GlobalSection(ProjectConfigurationPlatforms) = postSolution
		{29CE8127-E3ED-4DEA-98C3-8825CDAA2528}.Debug|Any CPU.ActiveCfg = Debug|Any CPU
		{29CE8127-E3ED-4DEA-98C3-8825CDAA2528}.Debug|Any CPU.Build.0 = Debug|Any CPU
		{29CE8127-E3ED-4DEA-98C3-8825CDAA2528}.Release|Any CPU.ActiveCfg = Release|Any CPU
		{29CE8127-E3ED-4DEA-98C3-8825CDAA2528}.Release|Any CPU.Build.0 = Release|Any CPU
	EndGlobalSection
	GlobalSection(SolutionProperties) = preSolution
		HideSolutionNode = FALSE
	EndGlobalSection
	GlobalSection(ExtensibilityGlobals) = postSolution
		SolutionGuid = {5F394211-447A-4819-9229-7E9C498D4E98}
	EndGlobalSection
EndGlobal
